
Microsoft Visual Studio Solution File, Format Version 12.00
# Visual Studio Version 16
VisualStudioVersion = 16.0.30804.86
MinimumVisualStudioVersion = 10.0.40219.1
Project("{FAE04EC0-301F-11D3-BF4B-00C04F79EFBC}") = "Classes2", "Classes2\Classes2.csproj", "{B98E52DB-DA1B-46DF-A417-53564C551BD3}"
EndProject
Global
	GlobalSection(SolutionConfigurationPlatforms) = preSolution
		Debug|Any CPU = Debug|Any CPU
		Release|Any CPU = Release|Any CPU
	EndGlobalSection
	GlobalSection(ProjectConfigurationPlatforms) = postSolution
		{B98E52DB-DA1B-46DF-A417-53564C551BD3}.Debug|Any CPU.ActiveCfg = Debug|Any CPU
		{B98E52DB-DA1B-46DF-A417-53564C551BD3}.Debug|Any CPU.Build.0 = Debug|Any CPU
		{B98E52DB-DA1B-46DF-A417-53564C551BD3}.Release|Any CPU.ActiveCfg = Release|Any CPU
		{B98E52DB-DA1B-46DF-A417-53564C551BD3}.Release|Any CPU.Build.0 = Release|Any CPU
	EndGlobalSection
	GlobalSection(SolutionProperties) = preSolution
		HideSolutionNode = FALSE
	EndGlobalSection
	GlobalSection(ExtensibilityGlobals) = postSolution
		SolutionGuid = {A03E8D4E-7CC3-47AC-BEB6-30625A56D8BD}
	EndGlobalSection
EndGlobal
