
Microsoft Visual Studio Solution File, Format Version 12.00
# Visual Studio Version 16
VisualStudioVersion = 16.0.30717.126
MinimumVisualStudioVersion = 10.0.40219.1
Project("{FAE04EC0-301F-11D3-BF4B-00C04F79EFBC}") = "test", "test\test.csproj", "{EE16D56C-E49F-448D-8615-525F2BF21E2A}"
EndProject
Global
	GlobalSection(SolutionConfigurationPlatforms) = preSolution
		Debug|Any CPU = Debug|Any CPU
		Release|Any CPU = Release|Any CPU
	EndGlobalSection
	GlobalSection(ProjectConfigurationPlatforms) = postSolution
		{EE16D56C-E49F-448D-8615-525F2BF21E2A}.Debug|Any CPU.ActiveCfg = Debug|Any CPU
		{EE16D56C-E49F-448D-8615-525F2BF21E2A}.Debug|Any CPU.Build.0 = Debug|Any CPU
		{EE16D56C-E49F-448D-8615-525F2BF21E2A}.Release|Any CPU.ActiveCfg = Release|Any CPU
		{EE16D56C-E49F-448D-8615-525F2BF21E2A}.Release|Any CPU.Build.0 = Release|Any CPU
	EndGlobalSection
	GlobalSection(SolutionProperties) = preSolution
		HideSolutionNode = FALSE
	EndGlobalSection
	GlobalSection(ExtensibilityGlobals) = postSolution
		SolutionGuid = {1AE48737-22A4-4BBF-B3C2-112D9BBCEE49}
	EndGlobalSection
EndGlobal
