
Microsoft Visual Studio Solution File, Format Version 12.00
# Visual Studio Version 16
VisualStudioVersion = 16.0.30804.86
MinimumVisualStudioVersion = 10.0.40219.1
Project("{FAE04EC0-301F-11D3-BF4B-00C04F79EFBC}") = "TechAcadStudentsMVC", "TechAcadStudentsMVC\TechAcadStudentsMVC.csproj", "{EC2DE4C8-5BB5-4057-B5B7-92F4D0D39D93}"
EndProject
Global
	GlobalSection(SolutionConfigurationPlatforms) = preSolution
		Debug|Any CPU = Debug|Any CPU
		Release|Any CPU = Release|Any CPU
	EndGlobalSection
	GlobalSection(ProjectConfigurationPlatforms) = postSolution
		{EC2DE4C8-5BB5-4057-B5B7-92F4D0D39D93}.Debug|Any CPU.ActiveCfg = Debug|Any CPU
		{EC2DE4C8-5BB5-4057-B5B7-92F4D0D39D93}.Debug|Any CPU.Build.0 = Debug|Any CPU
		{EC2DE4C8-5BB5-4057-B5B7-92F4D0D39D93}.Release|Any CPU.ActiveCfg = Release|Any CPU
		{EC2DE4C8-5BB5-4057-B5B7-92F4D0D39D93}.Release|Any CPU.Build.0 = Release|Any CPU
	EndGlobalSection
	GlobalSection(SolutionProperties) = preSolution
		HideSolutionNode = FALSE
	EndGlobalSection
	GlobalSection(ExtensibilityGlobals) = postSolution
		SolutionGuid = {206A7D02-1611-4836-A842-0BE1DF9EEC1F}
	EndGlobalSection
EndGlobal
