
Microsoft Visual Studio Solution File, Format Version 12.00
# Visual Studio Version 16
VisualStudioVersion = 16.0.30717.126
MinimumVisualStudioVersion = 10.0.40219.1
Project("{FAE04EC0-301F-11D3-BF4B-00C04F79EFBC}") = "FileIO", "FileIO\FileIO.csproj", "{F802C1E3-C016-4384-ADAB-3006B1ED1B68}"
EndProject
Global
	GlobalSection(SolutionConfigurationPlatforms) = preSolution
		Debug|Any CPU = Debug|Any CPU
		Release|Any CPU = Release|Any CPU
	EndGlobalSection
	GlobalSection(ProjectConfigurationPlatforms) = postSolution
		{F802C1E3-C016-4384-ADAB-3006B1ED1B68}.Debug|Any CPU.ActiveCfg = Debug|Any CPU
		{F802C1E3-C016-4384-ADAB-3006B1ED1B68}.Debug|Any CPU.Build.0 = Debug|Any CPU
		{F802C1E3-C016-4384-ADAB-3006B1ED1B68}.Release|Any CPU.ActiveCfg = Release|Any CPU
		{F802C1E3-C016-4384-ADAB-3006B1ED1B68}.Release|Any CPU.Build.0 = Release|Any CPU
	EndGlobalSection
	GlobalSection(SolutionProperties) = preSolution
		HideSolutionNode = FALSE
	EndGlobalSection
	GlobalSection(ExtensibilityGlobals) = postSolution
		SolutionGuid = {4D255EF2-BFAF-461D-819F-56408F44A295}
	EndGlobalSection
EndGlobal
