
Microsoft Visual Studio Solution File, Format Version 12.00
# Visual Studio Version 16
VisualStudioVersion = 16.0.30804.86
MinimumVisualStudioVersion = 10.0.40219.1
Project("{FAE04EC0-301F-11D3-BF4B-00C04F79EFBC}") = "ConstVar", "ConstVar\ConstVar.csproj", "{550471E7-0837-4453-8AD3-FF67C871C854}"
EndProject
Global
	GlobalSection(SolutionConfigurationPlatforms) = preSolution
		Debug|Any CPU = Debug|Any CPU
		Release|Any CPU = Release|Any CPU
	EndGlobalSection
	GlobalSection(ProjectConfigurationPlatforms) = postSolution
		{550471E7-0837-4453-8AD3-FF67C871C854}.Debug|Any CPU.ActiveCfg = Debug|Any CPU
		{550471E7-0837-4453-8AD3-FF67C871C854}.Debug|Any CPU.Build.0 = Debug|Any CPU
		{550471E7-0837-4453-8AD3-FF67C871C854}.Release|Any CPU.ActiveCfg = Release|Any CPU
		{550471E7-0837-4453-8AD3-FF67C871C854}.Release|Any CPU.Build.0 = Release|Any CPU
	EndGlobalSection
	GlobalSection(SolutionProperties) = preSolution
		HideSolutionNode = FALSE
	EndGlobalSection
	GlobalSection(ExtensibilityGlobals) = postSolution
		SolutionGuid = {FD855AE9-C27D-464F-8DBA-4B1BBDF1BF78}
	EndGlobalSection
EndGlobal
